Microsoft Visual Studio Solution File, Format Version 12.00
# Visual Studio Version 17
VisualStudioVersion = 17.5.2.0
MinimumVisualStudioVersion = 10.0.40219.1
Project("{FAE04EC0-301F-11D3-BF4B-00C04F79EFBC}") = "INV_TODO_A_10", "INV_TODO_A_10.csproj", "{89E38C63-354E-F9B4-0B1D-9C5A456EF4CA}"
EndProject
Global
	GlobalSection(SolutionConfigurationPlatforms) = preSolution
		Debug|Any CPU = Debug|Any CPU
		Release|Any CPU = Release|Any CPU
	EndGlobalSection
	GlobalSection(ProjectConfigurationPlatforms) = postSolution
		{89E38C63-354E-F9B4-0B1D-9C5A456EF4CA}.Debug|Any CPU.ActiveCfg = Debug|Any CPU
		{89E38C63-354E-F9B4-0B1D-9C5A456EF4CA}.Debug|Any CPU.Build.0 = Debug|Any CPU
		{89E38C63-354E-F9B4-0B1D-9C5A456EF4CA}.Release|Any CPU.ActiveCfg = Release|Any CPU
		{89E38C63-354E-F9B4-0B1D-9C5A456EF4CA}.Release|Any CPU.Build.0 = Release|Any CPU
	EndGlobalSection
	GlobalSection(SolutionProperties) = preSolution
		HideSolutionNode = FALSE
	EndGlobalSection
	GlobalSection(ExtensibilityGlobals) = postSolution
		SolutionGuid = {9AF1DD34-3820-494F-8CDE-2BA000EF7A5D}
	EndGlobalSection
EndGlobal
